// !$*UTF8*$!
{
	archiveVersion = 1;
	classes = {
	};
	objectVersion = 56;
	objects = {

/* Begin PBXBuildFile section */
		466706252C96C1C700D8169C /* AppDelegate.swift in Sources */ = {isa = PBXBuildFile; fileRef = 466706242C96C1C700D8169C /* AppDelegate.swift */; };
		466706272C96C1C700D8169C /* SceneDelegate.swift in Sources */ = {isa = PBXBuildFile; fileRef = 466706262C96C1C700D8169C /* SceneDelegate.swift */; };
		466706292C96C1C700D8169C /* ViewController.swift in Sources */ = {isa = PBXBuildFile; fileRef = 466706282C96C1C700D8169C /* ViewController.swift */; };
		4667062C2C96C1C700D8169C /* Base in Resources */ = {isa = PBXBuildFile; fileRef = 4667062B2C96C1C700D8169C /* Base */; };
		4667062E2C96C1C900D8169C /* Assets.xcassets in Resources */ = {isa = PBXBuildFile; fileRef = 4667062D2C96C1C900D8169C /* Assets.xcassets */; };
		466706312C96C1C900D8169C /* Base in Resources */ = {isa = PBXBuildFile; fileRef = 466706302C96C1C900D8169C /* Base */; };
		4667063C2C96C1C900D8169C /* BanorteAppTests.swift in Sources */ = {isa = PBXBuildFile; fileRef = 4667063B2C96C1C900D8169C /* BanorteAppTests.swift */; };
		466706462C96C1C900D8169C /* BanorteAppUITests.swift in Sources */ = {isa = PBXBuildFile; fileRef = 466706452C96C1C900D8169C /* BanorteAppUITests.swift */; };
		466706482C96C1C900D8169C /* BanorteAppUITestsLaunchTests.swift in Sources */ = {isa = PBXBuildFile; fileRef = 466706472C96C1C900D8169C /* BanorteAppUITestsLaunchTests.swift */; };
		466706552C96D78900D8169C /* HomeViewController.swift in Sources */ = {isa = PBXBuildFile; fileRef = 466706542C96D78900D8169C /* HomeViewController.swift */; };
		466706572C96E79400D8169C /* SignupViewController.swift in Sources */ = {isa = PBXBuildFile; fileRef = 466706562C96E79400D8169C /* SignupViewController.swift */; };
		466706592C96F82D00D8169C /* TransferViewController.swift in Sources */ = {isa = PBXBuildFile; fileRef = 466706582C96F82D00D8169C /* TransferViewController.swift */; };
		4667065B2C96FA1600D8169C /* RecibirViewController.swift in Sources */ = {isa = PBXBuildFile; fileRef = 4667065A2C96FA1600D8169C /* RecibirViewController.swift */; };
		4667065D2C9703C000D8169C /* TarjetaDetailViewController.swift in Sources */ = {isa = PBXBuildFile; fileRef = 4667065C2C9703C000D8169C /* TarjetaDetailViewController.swift */; };
		4667065F2C9704F600D8169C /* TarjetaCreditoDetailViewController.swift in Sources */ = {isa = PBXBuildFile; fileRef = 4667065E2C9704F600D8169C /* TarjetaCreditoDetailViewController.swift */; };
/* End PBXBuildFile section */

/* Begin PBXContainerItemProxy section */
		466706382C96C1C900D8169C /* PBXContainerItemProxy */ = {
			isa = PBXContainerItemProxy;
			containerPortal = 466706192C96C1C700D8169C /* Project object */;
			proxyType = 1;
			remoteGlobalIDString = 466706202C96C1C700D8169C;
			remoteInfo = BanorteApp;
		};
		466706422C96C1C900D8169C /* PBXContainerItemProxy */ = {
			isa = PBXContainerItemProxy;
			containerPortal = 466706192C96C1C700D8169C /* Project object */;
			proxyType = 1;
			remoteGlobalIDString = 466706202C96C1C700D8169C;
			remoteInfo = BanorteApp;
		};
/* End PBXContainerItemProxy section */

/* Begin PBXFileReference section */
		466706212C96C1C700D8169C /* BanorteApp.app */ = {isa = PBXFileReference; explicitFileType = wrapper.application; includeInIndex = 0; path = BanorteApp.app; sourceTree = BUILT_PRODUCTS_DIR; };
		466706242C96C1C700D8169C /* AppDelegate.swift */ = {isa = PBXFileReference; lastKnownFileType = sourcecode.swift; path = AppDelegate.swift; sourceTree = "<group>"; };
		466706262C96C1C700D8169C /* SceneDelegate.swift */ = {isa = PBXFileReference; lastKnownFileType = sourcecode.swift; path = SceneDelegate.swift; sourceTree = "<group>"; };
		466706282C96C1C700D8169C /* ViewController.swift */ = {isa = PBXFileReference; lastKnownFileType = sourcecode.swift; path = ViewController.swift; sourceTree = "<group>"; };
		4667062B2C96C1C700D8169C /* Base */ = {isa = PBXFileReference; lastKnownFileType = file.storyboard; name = Base; path = Base.lproj/Main.storyboard; sourceTree = "<group>"; };
		4667062D2C96C1C900D8169C /* Assets.xcassets */ = {isa = PBXFileReference; lastKnownFileType = folder.assetcatalog; path = Assets.xcassets; sourceTree = "<group>"; };
		466706302C96C1C900D8169C /* Base */ = {isa = PBXFileReference; lastKnownFileType = file.storyboard; name = Base; path = Base.lproj/LaunchScreen.storyboard; sourceTree = "<group>"; };
		466706322C96C1C900D8169C /* Info.plist */ = {isa = PBXFileReference; lastKnownFileType = text.plist.xml; path = Info.plist; sourceTree = "<group>"; };
		466706372C96C1C900D8169C /* BanorteAppTests.xctest */ = {isa = PBXFileReference; explicitFileType = wrapper.cfbundle; includeInIndex = 0; path = BanorteAppTests.xctest; sourceTree = BUILT_PRODUCTS_DIR; };
		4667063B2C96C1C900D8169C /* BanorteAppTests.swift */ = {isa = PBXFileReference; lastKnownFileType = sourcecode.swift; path = BanorteAppTests.swift; sourceTree = "<group>"; };
		466706412C96C1C900D8169C /* BanorteAppUITests.xctest */ = {isa = PBXFileReference; explicitFileType = wrapper.cfbundle; includeInIndex = 0; path = BanorteAppUITests.xctest; sourceTree = BUILT_PRODUCTS_DIR; };
		466706452C96C1C900D8169C /* BanorteAppUITests.swift */ = {isa = PBXFileReference; lastKnownFileType = sourcecode.swift; path = BanorteAppUITests.swift; sourceTree = "<group>"; };
		466706472C96C1C900D8169C /* BanorteAppUITestsLaunchTests.swift */ = {isa = PBXFileReference; lastKnownFileType = sourcecode.swift; path = BanorteAppUITestsLaunchTests.swift; sourceTree = "<group>"; };
		466706542C96D78900D8169C /* HomeViewController.swift */ = {isa = PBXFileReference; lastKnownFileType = sourcecode.swift; path = HomeViewController.swift; sourceTree = "<group>"; };
		466706562C96E79400D8169C /* SignupViewController.swift */ = {isa = PBXFileReference; lastKnownFileType = sourcecode.swift; path = SignupViewController.swift; sourceTree = "<group>"; };
		466706582C96F82D00D8169C /* TransferViewController.swift */ = {isa = PBXFileReference; lastKnownFileType = sourcecode.swift; path = TransferViewController.swift; sourceTree = "<group>"; };
		4667065A2C96FA1600D8169C /* RecibirViewController.swift */ = {isa = PBXFileReference; lastKnownFileType = sourcecode.swift; path = RecibirViewController.swift; sourceTree = "<group>"; };
		4667065C2C9703C000D8169C /* TarjetaDetailViewController.swift */ = {isa = PBXFileReference; lastKnownFileType = sourcecode.swift; path = TarjetaDetailViewController.swift; sourceTree = "<group>"; };
		4667065E2C9704F600D8169C /* TarjetaCreditoDetailViewController.swift */ = {isa = PBXFileReference; lastKnownFileType = sourcecode.swift; path = TarjetaCreditoDetailViewController.swift; sourceTree = "<group>"; };
/* End PBXFileReference section */

/* Begin PBXFrameworksBuildPhase section */
		4667061E2C96C1C700D8169C /* Frameworks */ = {
			isa = PBXFrameworksBuildPhase;
			buildActionMask = 2147483647;
			files = (
			);
			runOnlyForDeploymentPostprocessing = 0;
		};
		466706342C96C1C900D8169C /* Frameworks */ = {
			isa = PBXFrameworksBuildPhase;
			buildActionMask = 2147483647;
			files = (
			);
			runOnlyForDeploymentPostprocessing = 0;
		};
		4667063E2C96C1C900D8169C /* Frameworks */ = {
			isa = PBXFrameworksBuildPhase;
			buildActionMask = 2147483647;
			files = (
			);
			runOnlyForDeploymentPostprocessing = 0;
		};
/* End PBXFrameworksBuildPhase section */

/* Begin PBXGroup section */
		466706182C96C1C700D8169C = {
			isa = PBXGroup;
			children = (
				466706232C96C1C700D8169C /* BanorteApp */,
				4667063A2C96C1C900D8169C /* BanorteAppTests */,
				466706442C96C1C900D8169C /* BanorteAppUITests */,
				466706222C96C1C700D8169C /* Products */,
			);
			sourceTree = "<group>";
		};
		466706222C96C1C700D8169C /* Products */ = {
			isa = PBXGroup;
			children = (
				466706212C96C1C700D8169C /* BanorteApp.app */,
				466706372C96C1C900D8169C /* BanorteAppTests.xctest */,
				466706412C96C1C900D8169C /* BanorteAppUITests.xctest */,
			);
			name = Products;
			sourceTree = "<group>";
		};
		466706232C96C1C700D8169C /* BanorteApp */ = {
			isa = PBXGroup;
			children = (
				466706242C96C1C700D8169C /* AppDelegate.swift */,
				466706262C96C1C700D8169C /* SceneDelegate.swift */,
				466706282C96C1C700D8169C /* ViewController.swift */,
				4667062A2C96C1C700D8169C /* Main.storyboard */,
				4667062D2C96C1C900D8169C /* Assets.xcassets */,
				4667062F2C96C1C900D8169C /* LaunchScreen.storyboard */,
				466706322C96C1C900D8169C /* Info.plist */,
				466706542C96D78900D8169C /* HomeViewController.swift */,
				466706562C96E79400D8169C /* SignupViewController.swift */,
				466706582C96F82D00D8169C /* TransferViewController.swift */,
				4667065A2C96FA1600D8169C /* RecibirViewController.swift */,
				4667065C2C9703C000D8169C /* TarjetaDetailViewController.swift */,
				4667065E2C9704F600D8169C /* TarjetaCreditoDetailViewController.swift */,
			);
			path = BanorteApp;
			sourceTree = "<group>";
		};
		4667063A2C96C1C900D8169C /* BanorteAppTests */ = {
			isa = PBXGroup;
			children = (
				4667063B2C96C1C900D8169C /* BanorteAppTests.swift */,
			);
			path = BanorteAppTests;
			sourceTree = "<group>";
		};
		466706442C96C1C900D8169C /* BanorteAppUITests */ = {
			isa = PBXGroup;
			children = (
				466706452C96C1C900D8169C /* BanorteAppUITests.swift */,
				466706472C96C1C900D8169C /* BanorteAppUITestsLaunchTests.swift */,
			);
			path = BanorteAppUITests;
			sourceTree = "<group>";
		};
/* End PBXGroup section */

/* Begin PBXNativeTarget section */
		466706202C96C1C700D8169C /* BanorteApp */ = {
			isa = PBXNativeTarget;
			buildConfigurationList = 4667064B2C96C1C900D8169C /* Build configuration list for PBXNativeTarget "BanorteApp" */;
			buildPhases = (
				4667061D2C96C1C700D8169C /* Sources */,
				4667061E2C96C1C700D8169C /* Frameworks */,
				4667061F2C96C1C700D8169C /* Resources */,
			);
			buildRules = (
			);
			dependencies = (
			);
			name = BanorteApp;
			productName = BanorteApp;
			productReference = 466706212C96C1C700D8169C /* BanorteApp.app */;
			productType = "com.apple.product-type.application";
		};
		466706362C96C1C900D8169C /* BanorteAppTests */ = {
			isa = PBXNativeTarget;
			buildConfigurationList = 4667064E2C96C1C900D8169C /* Build configuration list for PBXNativeTarget "BanorteAppTests" */;
			buildPhases = (
				466706332C96C1C900D8169C /* Sources */,
				466706342C96C1C900D8169C /* Frameworks */,
				466706352C96C1C900D8169C /* Resources */,
			);
			buildRules = (
			);
			dependencies = (
				466706392C96C1C900D8169C /* PBXTargetDependency */,
			);
			name = BanorteAppTests;
			productName = BanorteAppTests;
			productReference = 466706372C96C1C900D8169C /* BanorteAppTests.xctest */;
			productType = "com.apple.product-type.bundle.unit-test";
		};
		466706402C96C1C900D8169C /* BanorteAppUITests */ = {
			isa = PBXNativeTarget;
			buildConfigurationList = 466706512C96C1C900D8169C /* Build configuration list for PBXNativeTarget "BanorteAppUITests" */;
			buildPhases = (
				4667063D2C96C1C900D8169C /* Sources */,
				4667063E2C96C1C900D8169C /* Frameworks */,
				4667063F2C96C1C900D8169C /* Resources */,
			);
			buildRules = (
			);
			dependencies = (
				466706432C96C1C900D8169C /* PBXTargetDependency */,
			);
			name = BanorteAppUITests;
			productName = BanorteAppUITests;
			productReference = 466706412C96C1C900D8169C /* BanorteAppUITests.xctest */;
			productType = "com.apple.product-type.bundle.ui-testing";
		};
/* End PBXNativeTarget section */

/* Begin PBXProject section */
		466706192C96C1C700D8169C /* Project object */ = {
			isa = PBXProject;
			attributes = {
				BuildIndependentTargetsInParallel = 1;
				LastSwiftUpdateCheck = 1540;
				LastUpgradeCheck = 1540;
				TargetAttributes = {
					466706202C96C1C700D8169C = {
						CreatedOnToolsVersion = 15.4;
					};
					466706362C96C1C900D8169C = {
						CreatedOnToolsVersion = 15.4;
						TestTargetID = 466706202C96C1C700D8169C;
					};
					466706402C96C1C900D8169C = {
						CreatedOnToolsVersion = 15.4;
						TestTargetID = 466706202C96C1C700D8169C;
					};
				};
			};
			buildConfigurationList = 4667061C2C96C1C700D8169C /* Build configuration list for PBXProject "BanorteApp" */;
			compatibilityVersion = "Xcode 14.0";
			developmentRegion = en;
			hasScannedForEncodings = 0;
			knownRegions = (
				en,
				Base,
			);
			mainGroup = 466706182C96C1C700D8169C;
			productRefGroup = 466706222C96C1C700D8169C /* Products */;
			projectDirPath = "";
			projectRoot = "";
			targets = (
				466706202C96C1C700D8169C /* BanorteApp */,
				466706362C96C1C900D8169C /* BanorteAppTests */,
				466706402C96C1C900D8169C /* BanorteAppUITests */,
			);
		};
/* End PBXProject section */

/* Begin PBXResourcesBuildPhase section */
		4667061F2C96C1C700D8169C /* Resources */ = {
			isa = PBXResourcesBuildPhase;
			buildActionMask = 2147483647;
			files = (
				4667062E2C96C1C900D8169C /* Assets.xcassets in Resources */,
				466706312C96C1C900D8169C /* Base in Resources */,
				4667062C2C96C1C700D8169C /* Base in Resources */,
			);
			runOnlyForDeploymentPostprocessing = 0;
		};
		466706352C96C1C900D8169C /* Resources */ = {
			isa = PBXResourcesBuildPhase;
			buildActionMask = 2147483647;
			files = (
			);
			runOnlyForDeploymentPostprocessing = 0;
		};
		4667063F2C96C1C900D8169C /* Resources */ = {
			isa = PBXResourcesBuildPhase;
			buildActionMask = 2147483647;
			files = (
			);
			runOnlyForDeploymentPostprocessing = 0;
		};
/* End PBXResourcesBuildPhase section */

/* Begin PBXSourcesBuildPhase section */
		4667061D2C96C1C700D8169C /* Sources */ = {
			isa = PBXSourcesBuildPhase;
			buildActionMask = 2147483647;
			files = (
				466706292C96C1C700D8169C /* ViewController.swift in Sources */,
				466706592C96F82D00D8169C /* TransferViewController.swift in Sources */,
				466706252C96C1C700D8169C /* AppDelegate.swift in Sources */,
				4667065D2C9703C000D8169C /* TarjetaDetailViewController.swift in Sources */,
				4667065F2C9704F600D8169C /* TarjetaCreditoDetailViewController.swift in Sources */,
				466706572C96E79400D8169C /* SignupViewController.swift in Sources */,
				466706272C96C1C700D8169C /* SceneDelegate.swift in Sources */,
				466706552C96D78900D8169C /* HomeViewController.swift in Sources */,
				4667065B2C96FA1600D8169C /* RecibirViewController.swift in Sources */,
			);
			runOnlyForDeploymentPostprocessing = 0;
		};
		466706332C96C1C900D8169C /* Sources */ = {
			isa = PBXSourcesBuildPhase;
			buildActionMask = 2147483647;
			files = (
				4667063C2C96C1C900D8169C /* BanorteAppTests.swift in Sources */,
			);
			runOnlyForDeploymentPostprocessing = 0;
		};
		4667063D2C96C1C900D8169C /* Sources */ = {
			isa = PBXSourcesBuildPhase;
			buildActionMask = 2147483647;
			files = (
				466706482C96C1C900D8169C /* BanorteAppUITestsLaunchTests.swift in Sources */,
				466706462C96C1C900D8169C /* BanorteAppUITests.swift in Sources */,
			);
			runOnlyForDeploymentPostprocessing = 0;
		};
/* End PBXSourcesBuildPhase section */

/* Begin PBXTargetDependency section */
		466706392C96C1C900D8169C /* PBXTargetDependency */ = {
			isa = PBXTargetDependency;
			target = 466706202C96C1C700D8169C /* BanorteApp */;
			targetProxy = 466706382C96C1C900D8169C /* PBXContainerItemProxy */;
		};
		466706432C96C1C900D8169C /* PBXTargetDependency */ = {
			isa = PBXTargetDependency;
			target = 466706202C96C1C700D8169C /* BanorteApp */;
			targetProxy = 466706422C96C1C900D8169C /* PBXContainerItemProxy */;
		};
/* End PBXTargetDependency section */

/* Begin PBXVariantGroup section */
		4667062A2C96C1C700D8169C /* Main.storyboard */ = {
			isa = PBXVariantGroup;
			children = (
				4667062B2C96C1C700D8169C /* Base */,
			);
			name = Main.storyboard;
			sourceTree = "<group>";
		};
		4667062F2C96C1C900D8169C /* LaunchScreen.storyboard */ = {
			isa = PBXVariantGroup;
			children = (
				466706302C96C1C900D8169C /* Base */,
			);
			name = LaunchScreen.storyboard;
			sourceTree = "<group>";
		};
/* End PBXVariantGroup section */

/* Begin XCBuildConfiguration section */
		466706492C96C1C900D8169C /* Debug */ = {
			isa = XCBuildConfiguration;
			buildSettings = {
				ALWAYS_SEARCH_USER_PATHS = NO;
				ASSETCATALOG_COMPILER_GENERATE_SWIFT_ASSET_SYMBOL_EXTENSIONS = YES;
				CLANG_ANALYZER_NONNULL = YES;
				CLANG_ANALYZER_NUMBER_OBJECT_CONVERSION = YES_AGGRESSIVE;
				CLANG_CXX_LANGUAGE_STANDARD = "gnu++20";
				CLANG_ENABLE_MODULES = YES;
				CLANG_ENABLE_OBJC_ARC = YES;
				CLANG_ENABLE_OBJC_WEAK = YES;
				CLANG_WARN_BLOCK_CAPTURE_AUTORELEASING = YES;
				CLANG_WARN_BOOL_CONVERSION = YES;
				CLANG_WARN_COMMA = YES;
				CLANG_WARN_CONSTANT_CONVERSION = YES;
				CLANG_WARN_DEPRECATED_OBJC_IMPLEMENTATIONS = YES;
				CLANG_WARN_DIRECT_OBJC_ISA_USAGE = YES_ERROR;
				CLANG_WARN_DOCUMENTATION_COMMENTS = YES;
				CLANG_WARN_EMPTY_BODY = YES;
				CLANG_WARN_ENUM_CONVERSION = YES;
				CLANG_WARN_INFINITE_RECURSION = YES;
				CLANG_WARN_INT_CONVERSION = YES;
				CLANG_WARN_NON_LITERAL_NULL_CONVERSION = YES;
				CLANG_WARN_OBJC_IMPLICIT_RETAIN_SELF = YES;
				CLANG_WARN_OBJC_LITERAL_CONVERSION = YES;
				CLANG_WARN_OBJC_ROOT_CLASS = YES_ERROR;
				CLANG_WARN_QUOTED_INCLUDE_IN_FRAMEWORK_HEADER = YES;
				CLANG_WARN_RANGE_LOOP_ANALYSIS = YES;
				CLANG_WARN_STRICT_PROTOTYPES = YES;
				CLANG_WARN_SUSPICIOUS_MOVE = YES;
				CLANG_WARN_UNGUARDED_AVAILABILITY = YES_AGGRESSIVE;
				CLANG_WARN_UNREACHABLE_CODE = YES;
				CLANG_WARN__DUPLICATE_METHOD_MATCH = YES;
				COPY_PHASE_STRIP = NO;
				DEBUG_INFORMATION_FORMAT = dwarf;
				ENABLE_STRICT_OBJC_MSGSEND = YES;
				ENABLE_TESTABILITY = YES;
				ENABLE_USER_SCRIPT_SANDBOXING = YES;
				GCC_C_LANGUAGE_STANDARD = gnu17;
				GCC_DYNAMIC_NO_PIC = NO;
				GCC_NO_COMMON_BLOCKS = YES;
				GCC_OPTIMIZATION_LEVEL = 0;
				GCC_PREPROCESSOR_DEFINITIONS = (
					"DEBUG=1",
					"$(inherited)",
				);
				GCC_WARN_64_TO_32_BIT_CONVERSION = YES;
				GCC_WARN_ABOUT_RETURN_TYPE = YES_ERROR;
				GCC_WARN_UNDECLARED_SELECTOR = YES;
				GCC_WARN_UNINITIALIZED_AUTOS = YES_AGGRESSIVE;
				GCC_WARN_UNUSED_FUNCTION = YES;
				GCC_WARN_UNUSED_VARIABLE = YES;
				IPHONEOS_DEPLOYMENT_TARGET = 17.5;
				LOCALIZATION_PREFERS_STRING_CATALOGS = YES;
				MTL_ENABLE_DEBUG_INFO = INCLUDE_SOURCE;
				MTL_FAST_MATH = YES;
				ONLY_ACTIVE_ARCH = YES;
				SDKROOT = iphoneos;
				SWIFT_ACTIVE_COMPILATION_CONDITIONS = "DEBUG $(inherited)";
				SWIFT_OPTIMIZATION_LEVEL = "-Onone";
			};
			name = Debug;
		};
		4667064A2C96C1C900D8169C /* Release */ = {
			isa = XCBuildConfiguration;
			buildSettings = {
				ALWAYS_SEARCH_USER_PATHS = NO;
				ASSETCATALOG_COMPILER_GENERATE_SWIFT_ASSET_SYMBOL_EXTENSIONS = YES;
				CLANG_ANALYZER_NONNULL = YES;
				CLANG_ANALYZER_NUMBER_OBJECT_CONVERSION = YES_AGGRESSIVE;
				CLANG_CXX_LANGUAGE_STANDARD = "gnu++20";
				CLANG_ENABLE_MODULES = YES;
				CLANG_ENABLE_OBJC_ARC = YES;
				CLANG_ENABLE_OBJC_WEAK = YES;
				CLANG_WARN_BLOCK_CAPTURE_AUTORELEASING = YES;
				CLANG_WARN_BOOL_CONVERSION = YES;
				CLANG_WARN_COMMA = YES;
				CLANG_WARN_CONSTANT_CONVERSION = YES;
				CLANG_WARN_DEPRECATED_OBJC_IMPLEMENTATIONS = YES;
				CLANG_WARN_DIRECT_OBJC_ISA_USAGE = YES_ERROR;
				CLANG_WARN_DOCUMENTATION_COMMENTS = YES;
				CLANG_WARN_EMPTY_BODY = YES;
				CLANG_WARN_ENUM_CONVERSION = YES;
				CLANG_WARN_INFINITE_RECURSION = YES;
				CLANG_WARN_INT_CONVERSION = YES;
				CLANG_WARN_NON_LITERAL_NULL_CONVERSION = YES;
				CLANG_WARN_OBJC_IMPLICIT_RETAIN_SELF = YES;
				CLANG_WARN_OBJC_LITERAL_CONVERSION = YES;
				CLANG_WARN_OBJC_ROOT_CLASS = YES_ERROR;
				CLANG_WARN_QUOTED_INCLUDE_IN_FRAMEWORK_HEADER = YES;
				CLANG_WARN_RANGE_LOOP_ANALYSIS = YES;
				CLANG_WARN_STRICT_PROTOTYPES = YES;
				CLANG_WARN_SUSPICIOUS_MOVE = YES;
				CLANG_WARN_UNGUARDED_AVAILABILITY = YES_AGGRESSIVE;
				CLANG_WARN_UNREACHABLE_CODE = YES;
				CLANG_WARN__DUPLICATE_METHOD_MATCH = YES;
				COPY_PHASE_STRIP = NO;
				DEBUG_INFORMATION_FORMAT = "dwarf-with-dsym";
				ENABLE_NS_ASSERTIONS = NO;
				ENABLE_STRICT_OBJC_MSGSEND = YES;
				ENABLE_USER_SCRIPT_SANDBOXING = YES;
				GCC_C_LANGUAGE_STANDARD = gnu17;
				GCC_NO_COMMON_BLOCKS = YES;
				GCC_WARN_64_TO_32_BIT_CONVERSION = YES;
				GCC_WARN_ABOUT_RETURN_TYPE = YES_ERROR;
				GCC_WARN_UNDECLARED_SELECTOR = YES;
				GCC_WARN_UNINITIALIZED_AUTOS = YES_AGGRESSIVE;
				GCC_WARN_UNUSED_FUNCTION = YES;
				GCC_WARN_UNUSED_VARIABLE = YES;
				IPHONEOS_DEPLOYMENT_TARGET = 17.5;
				LOCALIZATION_PREFERS_STRING_CATALOGS = YES;
				MTL_ENABLE_DEBUG_INFO = NO;
				MTL_FAST_MATH = YES;
				SDKROOT = iphoneos;
				SWIFT_COMPILATION_MODE = wholemodule;
				VALIDATE_PRODUCT = YES;
			};
			name = Release;
		};
		4667064C2C96C1C900D8169C /* Debug */ = {
			isa = XCBuildConfiguration;
			buildSettings = {
				ASSETCATALOG_COMPILER_APPICON_NAME = AppIcon;
				ASSETCATALOG_COMPILER_GLOBAL_ACCENT_COLOR_NAME = AccentColor;
				CODE_SIGN_STYLE = Automatic;
				CURRENT_PROJECT_VERSION = 1;
				GENERATE_INFOPLIST_FILE = YES;
				INFOPLIST_FILE = BanorteApp/Info.plist;
				INFOPLIST_KEY_UIApplicationSupportsIndirectInputEvents = YES;
				INFOPLIST_KEY_UILaunchStoryboardName = LaunchScreen;
				INFOPLIST_KEY_UIMainStoryboardFile = Main;
				INFOPLIST_KEY_UISupportedInterfaceOrientations_iPad = "UIInterfaceOrientationPortrait UIInterfaceOrientationPortraitUpsideDown UIInterfaceOrientationLandscapeLeft UIInterfaceOrientationLandscapeRight";
				INFOPLIST_KEY_UISupportedInterfaceOrientations_iPhone = "UIInterfaceOrientationPortrait UIInterfaceOrientationLandscapeLeft UIInterfaceOrientationLandscapeRight";
				LD_RUNPATH_SEARCH_PATHS = (
					"$(inherited)",
					"@executable_path/Frameworks",
				);
				MARKETING_VERSION = 1.0;
				PRODUCT_BUNDLE_IDENTIFIER = com.banorte.BanorteApp;
				PRODUCT_NAME = "$(TARGET_NAME)";
				SWIFT_EMIT_LOC_STRINGS = YES;
				SWIFT_VERSION = 5.0;
				TARGETED_DEVICE_FAMILY = "1,2";
			};
			name = Debug;
		};
		4667064D2C96C1C900D8169C /* Release */ = {
			isa = XCBuildConfiguration;
			buildSettings = {
				ASSETCATALOG_COMPILER_APPICON_NAME = AppIcon;
				ASSETCATALOG_COMPILER_GLOBAL_ACCENT_COLOR_NAME = AccentColor;
				CODE_SIGN_STYLE = Automatic;
				CURRENT_PROJECT_VERSION = 1;
				GENERATE_INFOPLIST_FILE = YES;
				INFOPLIST_FILE = BanorteApp/Info.plist;
				INFOPLIST_KEY_UIApplicationSupportsIndirectInputEvents = YES;
				INFOPLIST_KEY_UILaunchStoryboardName = LaunchScreen;
				INFOPLIST_KEY_UIMainStoryboardFile = Main;
				INFOPLIST_KEY_UISupportedInterfaceOrientations_iPad = "UIInterfaceOrientationPortrait UIInterfaceOrientationPortraitUpsideDown UIInterfaceOrientationLandscapeLeft UIInterfaceOrientationLandscapeRight";
				INFOPLIST_KEY_UISupportedInterfaceOrientations_iPhone = "UIInterfaceOrientationPortrait UIInterfaceOrientationLandscapeLeft UIInterfaceOrientationLandscapeRight";
				LD_RUNPATH_SEARCH_PATHS = (
					"$(inherited)",
					"@executable_path/Frameworks",
				);
				MARKETING_VERSION = 1.0;
				PRODUCT_BUNDLE_IDENTIFIER = com.banorte.BanorteApp;
				PRODUCT_NAME = "$(TARGET_NAME)";
				SWIFT_EMIT_LOC_STRINGS = YES;
				SWIFT_VERSION = 5.0;
				TARGETED_DEVICE_FAMILY = "1,2";
			};
			name = Release;
		};
		4667064F2C96C1C900D8169C /* Debug */ = {
			isa = XCBuildConfiguration;
			buildSettings = {
				ALWAYS_EMBED_SWIFT_STANDARD_LIBRARIES = YES;
				BUNDLE_LOADER = "$(TEST_HOST)";
				CODE_SIGN_STYLE = Automatic;
				CURRENT_PROJECT_VERSION = 1;
				GENERATE_INFOPLIST_FILE = YES;
				IPHONEOS_DEPLOYMENT_TARGET = 17.5;
				MARKETING_VERSION = 1.0;
				PRODUCT_BUNDLE_IDENTIFIER = com.banorte.BanorteAppTests;
				PRODUCT_NAME = "$(TARGET_NAME)";
				SWIFT_EMIT_LOC_STRINGS = NO;
				SWIFT_VERSION = 5.0;
				TARGETED_DEVICE_FAMILY = "1,2";
				TEST_HOST = "$(BUILT_PRODUCTS_DIR)/BanorteApp.app/$(BUNDLE_EXECUTABLE_FOLDER_PATH)/BanorteApp";
			};
			name = Debug;
		};
		466706502C96C1C900D8169C /* Release */ = {
			isa = XCBuildConfiguration;
			buildSettings = {
				ALWAYS_EMBED_SWIFT_STANDARD_LIBRARIES = YES;
				BUNDLE_LOADER = "$(TEST_HOST)";
				CODE_SIGN_STYLE = Automatic;
				CURRENT_PROJECT_VERSION = 1;
				GENERATE_INFOPLIST_FILE = YES;
				IPHONEOS_DEPLOYMENT_TARGET = 17.5;
				MARKETING_VERSION = 1.0;
				PRODUCT_BUNDLE_IDENTIFIER = com.banorte.BanorteAppTests;
				PRODUCT_NAME = "$(TARGET_NAME)";
				SWIFT_EMIT_LOC_STRINGS = NO;
				SWIFT_VERSION = 5.0;
				TARGETED_DEVICE_FAMILY = "1,2";
				TEST_HOST = "$(BUILT_PRODUCTS_DIR)/BanorteApp.app/$(BUNDLE_EXECUTABLE_FOLDER_PATH)/BanorteApp";
			};
			name = Release;
		};
		466706522C96C1C900D8169C /* Debug */ = {
			isa = XCBuildConfiguration;
			buildSettings = {
				ALWAYS_EMBED_SWIFT_STANDARD_LIBRARIES = YES;
				CODE_SIGN_STYLE = Automatic;
				CURRENT_PROJECT_VERSION = 1;
				GENERATE_INFOPLIST_FILE = YES;
				MARKETING_VERSION = 1.0;
				PRODUCT_BUNDLE_IDENTIFIER = com.banorte.BanorteAppUITests;
				PRODUCT_NAME = "$(TARGET_NAME)";
				SWIFT_EMIT_LOC_STRINGS = NO;
				SWIFT_VERSION = 5.0;
				TARGETED_DEVICE_FAMILY = "1,2";
				TEST_TARGET_NAME = BanorteApp;
			};
			name = Debug;
		};
		466706532C96C1C900D8169C /* Release */ = {
			isa = XCBuildConfiguration;
			buildSettings = {
				ALWAYS_EMBED_SWIFT_STANDARD_LIBRARIES = YES;
				CODE_SIGN_STYLE = Automatic;
				CURRENT_PROJECT_VERSION = 1;
				GENERATE_INFOPLIST_FILE = YES;
				MARKETING_VERSION = 1.0;
				PRODUCT_BUNDLE_IDENTIFIER = com.banorte.BanorteAppUITests;
				PRODUCT_NAME = "$(TARGET_NAME)";
				SWIFT_EMIT_LOC_STRINGS = NO;
				SWIFT_VERSION = 5.0;
				TARGETED_DEVICE_FAMILY = "1,2";
				TEST_TARGET_NAME = BanorteApp;
			};
			name = Release;
		};
/* End XCBuildConfiguration section */

/* Begin XCConfigurationList section */
		4667061C2C96C1C700D8169C /* Build configuration list for PBXProject "BanorteApp" */ = {
			isa = XCConfigurationList;
			buildConfigurations = (
				466706492C96C1C900D8169C /* Debug */,
				4667064A2C96C1C900D8169C /* Release */,
			);
			defaultConfigurationIsVisible = 0;
			defaultConfigurationName = Release;
		};
		4667064B2C96C1C900D8169C /* Build configuration list for PBXNativeTarget "BanorteApp" */ = {
			isa = XCConfigurationList;
			buildConfigurations = (
				4667064C2C96C1C900D8169C /* Debug */,
				4667064D2C96C1C900D8169C /* Release */,
			);
			defaultConfigurationIsVisible = 0;
			defaultConfigurationName = Release;
		};
		4667064E2C96C1C900D8169C /* Build configuration list for PBXNativeTarget "BanorteAppTests" */ = {
			isa = XCConfigurationList;
			buildConfigurations = (
				4667064F2C96C1C900D8169C /* Debug */,
				466706502C96C1C900D8169C /* Release */,
			);
			defaultConfigurationIsVisible = 0;
			defaultConfigurationName = Release;
		};
		466706512C96C1C900D8169C /* Build configuration list for PBXNativeTarget "BanorteAppUITests" */ = {
			isa = XCConfigurationList;
			buildConfigurations = (
				466706522C96C1C900D8169C /* Debug */,
				466706532C96C1C900D8169C /* Release */,
			);
			defaultConfigurationIsVisible = 0;
			defaultConfigurationName = Release;
		};
/* End XCConfigurationList section */
	};
	rootObject = 466706192C96C1C700D8169C /* Project object */;
}
